
Microsoft Visual Studio Solution File, Format Version 12.00
# Visual Studio 15
VisualStudioVersion = 15.0.27004.2008
MinimumVisualStudioVersion = 10.0.40219.1
Project("{FAE04EC0-301F-11D3-BF4B-00C04F79EFBC}") = "Gui", "Gui\Gui.csproj", "{50DE143C-B05B-4093-8576-8DBD2C4868FE}"
EndProject
Project("{FAE04EC0-301F-11D3-BF4B-00C04F79EFBC}") = "Bizz", "Bizz\Bizz.csproj", "{AA164EB3-584C-418C-8168-CF87152B1C95}"
EndProject
Project("{FAE04EC0-301F-11D3-BF4B-00C04F79EFBC}") = "IO", "IO\IO.csproj", "{4396B53B-AF7E-4C3D-AF16-BD6FDDCE6B07}"
EndProject
Project("{FAE04EC0-301F-11D3-BF4B-00C04F79EFBC}") = "Entities", "Entities\Entities.csproj", "{2332D34A-D3F3-452B-9EFC-A714BE9F6B92}"
EndProject
Global
	GlobalSection(SolutionConfigurationPlatforms) = preSolution
		Debug|Any CPU = Debug|Any CPU
		Release|Any CPU = Release|Any CPU
	EndGlobalSection
	GlobalSection(ProjectConfigurationPlatforms) = postSolution
		{50DE143C-B05B-4093-8576-8DBD2C4868FE}.Debug|Any CPU.ActiveCfg = Debug|Any CPU
		{50DE143C-B05B-4093-8576-8DBD2C4868FE}.Debug|Any CPU.Build.0 = Debug|Any CPU
		{50DE143C-B05B-4093-8576-8DBD2C4868FE}.Release|Any CPU.ActiveCfg = Release|Any CPU
		{50DE143C-B05B-4093-8576-8DBD2C4868FE}.Release|Any CPU.Build.0 = Release|Any CPU
		{AA164EB3-584C-418C-8168-CF87152B1C95}.Debug|Any CPU.ActiveCfg = Debug|Any CPU
		{AA164EB3-584C-418C-8168-CF87152B1C95}.Debug|Any CPU.Build.0 = Debug|Any CPU
		{AA164EB3-584C-418C-8168-CF87152B1C95}.Release|Any CPU.ActiveCfg = Release|Any CPU
		{AA164EB3-584C-418C-8168-CF87152B1C95}.Release|Any CPU.Build.0 = Release|Any CPU
		{4396B53B-AF7E-4C3D-AF16-BD6FDDCE6B07}.Debug|Any CPU.ActiveCfg = Debug|Any CPU
		{4396B53B-AF7E-4C3D-AF16-BD6FDDCE6B07}.Debug|Any CPU.Build.0 = Debug|Any CPU
		{4396B53B-AF7E-4C3D-AF16-BD6FDDCE6B07}.Release|Any CPU.ActiveCfg = Release|Any CPU
		{4396B53B-AF7E-4C3D-AF16-BD6FDDCE6B07}.Release|Any CPU.Build.0 = Release|Any CPU
		{2332D34A-D3F3-452B-9EFC-A714BE9F6B92}.Debug|Any CPU.ActiveCfg = Debug|Any CPU
		{2332D34A-D3F3-452B-9EFC-A714BE9F6B92}.Debug|Any CPU.Build.0 = Debug|Any CPU
		{2332D34A-D3F3-452B-9EFC-A714BE9F6B92}.Release|Any CPU.ActiveCfg = Release|Any CPU
		{2332D34A-D3F3-452B-9EFC-A714BE9F6B92}.Release|Any CPU.Build.0 = Release|Any CPU
	EndGlobalSection
	GlobalSection(SolutionProperties) = preSolution
		HideSolutionNode = FALSE
	EndGlobalSection
	GlobalSection(ExtensibilityGlobals) = postSolution
		SolutionGuid = {7D367156-33EC-45F9-9B5B-6D475DA19536}
	EndGlobalSection
EndGlobal
